PODS:
  - flutter_jscore (0.0.1):
    - FlutterMacOS
  - FlutterMacOS (1.0.0)

DEPENDENCIES:
  - flutter_jscore (from `Flutter/ephemeral/.symlinks/plugins/flutter_jscore/macos`)
  - FlutterMacOS (from `Flutter/ephemeral`)

EXTERNAL SOURCES:
  flutter_jscore:
    :path: Flutter/ephemeral/.symlinks/plugins/flutter_jscore/macos
  FlutterMacOS:
    :path: Flutter/ephemeral

SPEC CHECKSUMS:
  flutter_jscore: ae246c4eb17e943b06adc3ab1cdd41ddf8e68bb2
  FlutterMacOS: 8f6f14fa908a6fb3fba0cd85dbd81ec4b251fb24

PODFILE CHECKSUM: 353c8bcc5d5b0994e508d035b5431cfe18c1dea7

COCOAPODS: 1.13.0
